
Microsoft Visual Studio Solution File, Format Version 12.00
# Visual Studio 15
VisualStudioVersion = 15.0.26430.16
MinimumVisualStudioVersion = 10.0.40219.1
Project("{D954291E-2A0B-460D-934E-DC6B0785DB48}") = "Bocek", "Bocek\Bocek\Bocek.shproj", "{62B18E23-E5A1-431A-B668-0EB7D0097005}"
EndProject
Project("{FAE04EC0-301F-11D3-BF4B-00C04F79EFBC}") = "Bocek.Android", "Bocek\Bocek.Android\Bocek.Android.csproj", "{51F3DB61-B8E2-4EE6-8EC2-734E06DBEBB0}"
EndProject
Project("{FAE04EC0-301F-11D3-BF4B-00C04F79EFBC}") = "Bocek.iOS", "Bocek\Bocek.iOS\Bocek.iOS.csproj", "{C93C37C1-6BD1-4795-95CC-D413C92A753F}"
EndProject
Project("{FAE04EC0-301F-11D3-BF4B-00C04F79EFBC}") = "Bocek.UWP", "Bocek\Bocek.UWP\Bocek.UWP.csproj", "{D4530FC8-82A9-4E6A-96A2-49903D88B16E}"
EndProject
Project("{FAE04EC0-301F-11D3-BF4B-00C04F79EFBC}") = "M2Mqtt.Net", "..\paho.mqtt.m2mqtt\M2Mqtt\M2Mqtt.Net.csproj", "{A11AEF5A-B246-4FE8-8330-06DB73CC8074}"
EndProject
Global
	GlobalSection(SharedMSBuildProjectFiles) = preSolution
		Bocek\Bocek\Bocek.projitems*{51f3db61-b8e2-4ee6-8ec2-734e06dbebb0}*SharedItemsImports = 4
		Bocek\Bocek\Bocek.projitems*{62b18e23-e5a1-431a-b668-0eb7d0097005}*SharedItemsImports = 13
		Bocek\Bocek\Bocek.projitems*{c93c37c1-6bd1-4795-95cc-d413c92a753f}*SharedItemsImports = 4
	EndGlobalSection
	GlobalSection(SolutionConfigurationPlatforms) = preSolution
		Ad-Hoc|Any CPU = Ad-Hoc|Any CPU
		Ad-Hoc|ARM = Ad-Hoc|ARM
		Ad-Hoc|iPhone = Ad-Hoc|iPhone
		Ad-Hoc|iPhoneSimulator = Ad-Hoc|iPhoneSimulator
		Ad-Hoc|x64 = Ad-Hoc|x64
		Ad-Hoc|x86 = Ad-Hoc|x86
		AppStore|Any CPU = AppStore|Any CPU
		AppStore|ARM = AppStore|ARM
		AppStore|iPhone = AppStore|iPhone
		AppStore|iPhoneSimulator = AppStore|iPhoneSimulator
		AppStore|x64 = AppStore|x64
		AppStore|x86 = AppStore|x86
		Debug|Any CPU = Debug|Any CPU
		Debug|ARM = Debug|ARM
		Debug|iPhone = Debug|iPhone
		Debug|iPhoneSimulator = Debug|iPhoneSimulator
		Debug|x64 = Debug|x64
		Debug|x86 = Debug|x86
		Release|Any CPU = Release|Any CPU
		Release|ARM = Release|ARM
		Release|iPhone = Release|iPhone
		Release|iPhoneSimulator = Release|iPhoneSimulator
		Release|x64 = Release|x64
		Release|x86 = Release|x86
	EndGlobalSection
	GlobalSection(ProjectConfigurationPlatforms) = postSolution
		{51F3DB61-B8E2-4EE6-8EC2-734E06DBEBB0}.Ad-Hoc|Any CPU.ActiveCfg = Release|Any CPU
		{51F3DB61-B8E2-4EE6-8EC2-734E06DBEBB0}.Ad-Hoc|Any CPU.Build.0 = Release|Any CPU
		{51F3DB61-B8E2-4EE6-8EC2-734E06DBEBB0}.Ad-Hoc|Any CPU.Deploy.0 = Release|Any CPU
		{51F3DB61-B8E2-4EE6-8EC2-734E06DBEBB0}.Ad-Hoc|ARM.ActiveCfg = Release|Any CPU
		{51F3DB61-B8E2-4EE6-8EC2-734E06DBEBB0}.Ad-Hoc|ARM.Build.0 = Release|Any CPU
		{51F3DB61-B8E2-4EE6-8EC2-734E06DBEBB0}.Ad-Hoc|ARM.Deploy.0 = Release|Any CPU
		{51F3DB61-B8E2-4EE6-8EC2-734E06DBEBB0}.Ad-Hoc|iPhone.ActiveCfg = Release|Any CPU
		{51F3DB61-B8E2-4EE6-8EC2-734E06DBEBB0}.Ad-Hoc|iPhone.Build.0 = Release|Any CPU
		{51F3DB61-B8E2-4EE6-8EC2-734E06DBEBB0}.Ad-Hoc|iPhone.Deploy.0 = Release|Any CPU
		{51F3DB61-B8E2-4EE6-8EC2-734E06DBEBB0}.Ad-Hoc|iPhoneSimulator.ActiveCfg = Release|Any CPU
		{51F3DB61-B8E2-4EE6-8EC2-734E06DBEBB0}.Ad-Hoc|iPhoneSimulator.Build.0 = Release|Any CPU
		{51F3DB61-B8E2-4EE6-8EC2-734E06DBEBB0}.Ad-Hoc|iPhoneSimulator.Deploy.0 = Release|Any CPU
		{51F3DB61-B8E2-4EE6-8EC2-734E06DBEBB0}.Ad-Hoc|x64.ActiveCfg = Release|Any CPU
		{51F3DB61-B8E2-4EE6-8EC2-734E06DBEBB0}.Ad-Hoc|x64.Build.0 = Release|Any CPU
		{51F3DB61-B8E2-4EE6-8EC2-734E06DBEBB0}.Ad-Hoc|x64.Deploy.0 = Release|Any CPU
		{51F3DB61-B8E2-4EE6-8EC2-734E06DBEBB0}.Ad-Hoc|x86.ActiveCfg = Release|Any CPU
		{51F3DB61-B8E2-4EE6-8EC2-734E06DBEBB0}.Ad-Hoc|x86.Build.0 = Release|Any CPU
		{51F3DB61-B8E2-4EE6-8EC2-734E06DBEBB0}.Ad-Hoc|x86.Deploy.0 = Release|Any CPU
		{51F3DB61-B8E2-4EE6-8EC2-734E06DBEBB0}.AppStore|Any CPU.ActiveCfg = Release|Any CPU
		{51F3DB61-B8E2-4EE6-8EC2-734E06DBEBB0}.AppStore|Any CPU.Build.0 = Release|Any CPU
		{51F3DB61-B8E2-4EE6-8EC2-734E06DBEBB0}.AppStore|Any CPU.Deploy.0 = Release|Any CPU
		{51F3DB61-B8E2-4EE6-8EC2-734E06DBEBB0}.AppStore|ARM.ActiveCfg = Release|Any CPU
		{51F3DB61-B8E2-4EE6-8EC2-734E06DBEBB0}.AppStore|ARM.Build.0 = Release|Any CPU
		{51F3DB61-B8E2-4EE6-8EC2-734E06DBEBB0}.AppStore|ARM.Deploy.0 = Release|Any CPU
		{51F3DB61-B8E2-4EE6-8EC2-734E06DBEBB0}.AppStore|iPhone.ActiveCfg = Release|Any CPU
		{51F3DB61-B8E2-4EE6-8EC2-734E06DBEBB0}.AppStore|iPhone.Build.0 = Release|Any CPU
		{51F3DB61-B8E2-4EE6-8EC2-734E06DBEBB0}.AppStore|iPhone.Deploy.0 = Release|Any CPU
		{51F3DB61-B8E2-4EE6-8EC2-734E06DBEBB0}.AppStore|iPhoneSimulator.ActiveCfg = Release|Any CPU
		{51F3DB61-B8E2-4EE6-8EC2-734E06DBEBB0}.AppStore|iPhoneSimulator.Build.0 = Release|Any CPU
		{51F3DB61-B8E2-4EE6-8EC2-734E06DBEBB0}.AppStore|iPhoneSimulator.Deploy.0 = Release|Any CPU
		{51F3DB61-B8E2-4EE6-8EC2-734E06DBEBB0}.AppStore|x64.ActiveCfg = Release|Any CPU
		{51F3DB61-B8E2-4EE6-8EC2-734E06DBEBB0}.AppStore|x64.Build.0 = Release|Any CPU
		{51F3DB61-B8E2-4EE6-8EC2-734E06DBEBB0}.AppStore|x64.Deploy.0 = Release|Any CPU
		{51F3DB61-B8E2-4EE6-8EC2-734E06DBEBB0}.AppStore|x86.ActiveCfg = Release|Any CPU
		{51F3DB61-B8E2-4EE6-8EC2-734E06DBEBB0}.AppStore|x86.Build.0 = Release|Any CPU
		{51F3DB61-B8E2-4EE6-8EC2-734E06DBEBB0}.AppStore|x86.Deploy.0 = Release|Any CPU
		{51F3DB61-B8E2-4EE6-8EC2-734E06DBEBB0}.Debug|Any CPU.ActiveCfg = Debug|Any CPU
		{51F3DB61-B8E2-4EE6-8EC2-734E06DBEBB0}.Debug|Any CPU.Build.0 = Debug|Any CPU
		{51F3DB61-B8E2-4EE6-8EC2-734E06DBEBB0}.Debug|Any CPU.Deploy.0 = Debug|Any CPU
		{51F3DB61-B8E2-4EE6-8EC2-734E06DBEBB0}.Debug|ARM.ActiveCfg = Debug|Any CPU
		{51F3DB61-B8E2-4EE6-8EC2-734E06DBEBB0}.Debug|ARM.Build.0 = Debug|Any CPU
		{51F3DB61-B8E2-4EE6-8EC2-734E06DBEBB0}.Debug|ARM.Deploy.0 = Debug|Any CPU
		{51F3DB61-B8E2-4EE6-8EC2-734E06DBEBB0}.Debug|iPhone.ActiveCfg = Debug|Any CPU
		{51F3DB61-B8E2-4EE6-8EC2-734E06DBEBB0}.Debug|iPhone.Build.0 = Debug|Any CPU
		{51F3DB61-B8E2-4EE6-8EC2-734E06DBEBB0}.Debug|iPhone.Deploy.0 = Debug|Any CPU
		{51F3DB61-B8E2-4EE6-8EC2-734E06DBEBB0}.Debug|iPhoneSimulator.ActiveCfg = Debug|Any CPU
		{51F3DB61-B8E2-4EE6-8EC2-734E06DBEBB0}.Debug|iPhoneSimulator.Build.0 = Debug|Any CPU
		{51F3DB61-B8E2-4EE6-8EC2-734E06DBEBB0}.Debug|iPhoneSimulator.Deploy.0 = Debug|Any CPU
		{51F3DB61-B8E2-4EE6-8EC2-734E06DBEBB0}.Debug|x64.ActiveCfg = Debug|Any CPU
		{51F3DB61-B8E2-4EE6-8EC2-734E06DBEBB0}.Debug|x64.Build.0 = Debug|Any CPU
		{51F3DB61-B8E2-4EE6-8EC2-734E06DBEBB0}.Debug|x64.Deploy.0 = Debug|Any CPU
		{51F3DB61-B8E2-4EE6-8EC2-734E06DBEBB0}.Debug|x86.ActiveCfg = Debug|Any CPU
		{51F3DB61-B8E2-4EE6-8EC2-734E06DBEBB0}.Debug|x86.Build.0 = Debug|Any CPU
		{51F3DB61-B8E2-4EE6-8EC2-734E06DBEBB0}.Debug|x86.Deploy.0 = Debug|Any CPU
		{51F3DB61-B8E2-4EE6-8EC2-734E06DBEBB0}.Release|Any CPU.ActiveCfg = Release|Any CPU
		{51F3DB61-B8E2-4EE6-8EC2-734E06DBEBB0}.Release|Any CPU.Build.0 = Release|Any CPU
		{51F3DB61-B8E2-4EE6-8EC2-734E06DBEBB0}.Release|Any CPU.Deploy.0 = Release|Any CPU
		{51F3DB61-B8E2-4EE6-8EC2-734E06DBEBB0}.Release|ARM.ActiveCfg = Release|Any CPU
		{51F3DB61-B8E2-4EE6-8EC2-734E06DBEBB0}.Release|ARM.Build.0 = Release|Any CPU
		{51F3DB61-B8E2-4EE6-8EC2-734E06DBEBB0}.Release|ARM.Deploy.0 = Release|Any CPU
		{51F3DB61-B8E2-4EE6-8EC2-734E06DBEBB0}.Release|iPhone.ActiveCfg = Release|Any CPU
		{51F3DB61-B8E2-4EE6-8EC2-734E06DBEBB0}.Release|iPhone.Build.0 = Release|Any CPU
		{51F3DB61-B8E2-4EE6-8EC2-734E06DBEBB0}.Release|iPhone.Deploy.0 = Release|Any CPU
		{51F3DB61-B8E2-4EE6-8EC2-734E06DBEBB0}.Release|iPhoneSimulator.ActiveCfg = Release|Any CPU
		{51F3DB61-B8E2-4EE6-8EC2-734E06DBEBB0}.Release|iPhoneSimulator.Build.0 = Release|Any CPU
		{51F3DB61-B8E2-4EE6-8EC2-734E06DBEBB0}.Release|iPhoneSimulator.Deploy.0 = Release|Any CPU
		{51F3DB61-B8E2-4EE6-8EC2-734E06DBEBB0}.Release|x64.ActiveCfg = Release|Any CPU
		{51F3DB61-B8E2-4EE6-8EC2-734E06DBEBB0}.Release|x64.Build.0 = Release|Any CPU
		{51F3DB61-B8E2-4EE6-8EC2-734E06DBEBB0}.Release|x64.Deploy.0 = Release|Any CPU
		{51F3DB61-B8E2-4EE6-8EC2-734E06DBEBB0}.Release|x86.ActiveCfg = Release|Any CPU
		{51F3DB61-B8E2-4EE6-8EC2-734E06DBEBB0}.Release|x86.Build.0 = Release|Any CPU
		{51F3DB61-B8E2-4EE6-8EC2-734E06DBEBB0}.Release|x86.Deploy.0 = Release|Any CPU
		{C93C37C1-6BD1-4795-95CC-D413C92A753F}.Ad-Hoc|Any CPU.ActiveCfg = Ad-Hoc|iPhone
		{C93C37C1-6BD1-4795-95CC-D413C92A753F}.Ad-Hoc|ARM.ActiveCfg = Ad-Hoc|iPhone
		{C93C37C1-6BD1-4795-95CC-D413C92A753F}.Ad-Hoc|iPhone.ActiveCfg = Ad-Hoc|iPhone
		{C93C37C1-6BD1-4795-95CC-D413C92A753F}.Ad-Hoc|iPhone.Build.0 = Ad-Hoc|iPhone
		{C93C37C1-6BD1-4795-95CC-D413C92A753F}.Ad-Hoc|iPhoneSimulator.ActiveCfg = Ad-Hoc|iPhoneSimulator
		{C93C37C1-6BD1-4795-95CC-D413C92A753F}.Ad-Hoc|iPhoneSimulator.Build.0 = Ad-Hoc|iPhoneSimulator
		{C93C37C1-6BD1-4795-95CC-D413C92A753F}.Ad-Hoc|x64.ActiveCfg = Ad-Hoc|iPhone
		{C93C37C1-6BD1-4795-95CC-D413C92A753F}.Ad-Hoc|x86.ActiveCfg = Ad-Hoc|iPhone
		{C93C37C1-6BD1-4795-95CC-D413C92A753F}.AppStore|Any CPU.ActiveCfg = AppStore|iPhone
		{C93C37C1-6BD1-4795-95CC-D413C92A753F}.AppStore|ARM.ActiveCfg = AppStore|iPhone
		{C93C37C1-6BD1-4795-95CC-D413C92A753F}.AppStore|iPhone.ActiveCfg = AppStore|iPhone
		{C93C37C1-6BD1-4795-95CC-D413C92A753F}.AppStore|iPhone.Build.0 = AppStore|iPhone
		{C93C37C1-6BD1-4795-95CC-D413C92A753F}.AppStore|iPhoneSimulator.ActiveCfg = AppStore|iPhoneSimulator
		{C93C37C1-6BD1-4795-95CC-D413C92A753F}.AppStore|iPhoneSimulator.Build.0 = AppStore|iPhoneSimulator
		{C93C37C1-6BD1-4795-95CC-D413C92A753F}.AppStore|x64.ActiveCfg = AppStore|iPhone
		{C93C37C1-6BD1-4795-95CC-D413C92A753F}.AppStore|x86.ActiveCfg = AppStore|iPhone
		{C93C37C1-6BD1-4795-95CC-D413C92A753F}.Debug|Any CPU.ActiveCfg = Debug|iPhone
		{C93C37C1-6BD1-4795-95CC-D413C92A753F}.Debug|ARM.ActiveCfg = Debug|iPhone
		{C93C37C1-6BD1-4795-95CC-D413C92A753F}.Debug|iPhone.ActiveCfg = Debug|iPhone
		{C93C37C1-6BD1-4795-95CC-D413C92A753F}.Debug|iPhone.Build.0 = Debug|iPhone
		{C93C37C1-6BD1-4795-95CC-D413C92A753F}.Debug|iPhoneSimulator.ActiveCfg = Debug|iPhoneSimulator
		{C93C37C1-6BD1-4795-95CC-D413C92A753F}.Debug|iPhoneSimulator.Build.0 = Debug|iPhoneSimulator
		{C93C37C1-6BD1-4795-95CC-D413C92A753F}.Debug|x64.ActiveCfg = Debug|iPhone
		{C93C37C1-6BD1-4795-95CC-D413C92A753F}.Debug|x86.ActiveCfg = Debug|iPhone
		{C93C37C1-6BD1-4795-95CC-D413C92A753F}.Release|Any CPU.ActiveCfg = Release|iPhone
		{C93C37C1-6BD1-4795-95CC-D413C92A753F}.Release|ARM.ActiveCfg = Release|iPhone
		{C93C37C1-6BD1-4795-95CC-D413C92A753F}.Release|iPhone.ActiveCfg = Release|iPhone
		{C93C37C1-6BD1-4795-95CC-D413C92A753F}.Release|iPhone.Build.0 = Release|iPhone
		{C93C37C1-6BD1-4795-95CC-D413C92A753F}.Release|iPhoneSimulator.ActiveCfg = Release|iPhoneSimulator
		{C93C37C1-6BD1-4795-95CC-D413C92A753F}.Release|iPhoneSimulator.Build.0 = Release|iPhoneSimulator
		{C93C37C1-6BD1-4795-95CC-D413C92A753F}.Release|x64.ActiveCfg = Release|iPhone
		{C93C37C1-6BD1-4795-95CC-D413C92A753F}.Release|x86.ActiveCfg = Release|iPhone
		{D4530FC8-82A9-4E6A-96A2-49903D88B16E}.Ad-Hoc|Any CPU.ActiveCfg = Release|x86
		{D4530FC8-82A9-4E6A-96A2-49903D88B16E}.Ad-Hoc|Any CPU.Build.0 = Release|x86
		{D4530FC8-82A9-4E6A-96A2-49903D88B16E}.Ad-Hoc|Any CPU.Deploy.0 = Release|x86
		{D4530FC8-82A9-4E6A-96A2-49903D88B16E}.Ad-Hoc|ARM.ActiveCfg = Release|ARM
		{D4530FC8-82A9-4E6A-96A2-49903D88B16E}.Ad-Hoc|ARM.Build.0 = Release|ARM
		{D4530FC8-82A9-4E6A-96A2-49903D88B16E}.Ad-Hoc|ARM.Deploy.0 = Release|ARM
		{D4530FC8-82A9-4E6A-96A2-49903D88B16E}.Ad-Hoc|iPhone.ActiveCfg = Release|x86
		{D4530FC8-82A9-4E6A-96A2-49903D88B16E}.Ad-Hoc|iPhone.Build.0 = Release|x86
		{D4530FC8-82A9-4E6A-96A2-49903D88B16E}.Ad-Hoc|iPhone.Deploy.0 = Release|x86
		{D4530FC8-82A9-4E6A-96A2-49903D88B16E}.Ad-Hoc|iPhoneSimulator.ActiveCfg = Release|x86
		{D4530FC8-82A9-4E6A-96A2-49903D88B16E}.Ad-Hoc|iPhoneSimulator.Build.0 = Release|x86
		{D4530FC8-82A9-4E6A-96A2-49903D88B16E}.Ad-Hoc|iPhoneSimulator.Deploy.0 = Release|x86
		{D4530FC8-82A9-4E6A-96A2-49903D88B16E}.Ad-Hoc|x64.ActiveCfg = Release|x64
		{D4530FC8-82A9-4E6A-96A2-49903D88B16E}.Ad-Hoc|x64.Build.0 = Release|x64
		{D4530FC8-82A9-4E6A-96A2-49903D88B16E}.Ad-Hoc|x64.Deploy.0 = Release|x64
		{D4530FC8-82A9-4E6A-96A2-49903D88B16E}.Ad-Hoc|x86.ActiveCfg = Release|x86
		{D4530FC8-82A9-4E6A-96A2-49903D88B16E}.Ad-Hoc|x86.Build.0 = Release|x86
		{D4530FC8-82A9-4E6A-96A2-49903D88B16E}.Ad-Hoc|x86.Deploy.0 = Release|x86
		{D4530FC8-82A9-4E6A-96A2-49903D88B16E}.AppStore|Any CPU.ActiveCfg = Release|x86
		{D4530FC8-82A9-4E6A-96A2-49903D88B16E}.AppStore|Any CPU.Build.0 = Release|x86
		{D4530FC8-82A9-4E6A-96A2-49903D88B16E}.AppStore|Any CPU.Deploy.0 = Release|x86
		{D4530FC8-82A9-4E6A-96A2-49903D88B16E}.AppStore|ARM.ActiveCfg = Release|ARM
		{D4530FC8-82A9-4E6A-96A2-49903D88B16E}.AppStore|ARM.Build.0 = Release|ARM
		{D4530FC8-82A9-4E6A-96A2-49903D88B16E}.AppStore|ARM.Deploy.0 = Release|ARM
		{D4530FC8-82A9-4E6A-96A2-49903D88B16E}.AppStore|iPhone.ActiveCfg = Release|x86
		{D4530FC8-82A9-4E6A-96A2-49903D88B16E}.AppStore|iPhone.Build.0 = Release|x86
		{D4530FC8-82A9-4E6A-96A2-49903D88B16E}.AppStore|iPhone.Deploy.0 = Release|x86
		{D4530FC8-82A9-4E6A-96A2-49903D88B16E}.AppStore|iPhoneSimulator.ActiveCfg = Release|x86
		{D4530FC8-82A9-4E6A-96A2-49903D88B16E}.AppStore|iPhoneSimulator.Build.0 = Release|x86
		{D4530FC8-82A9-4E6A-96A2-49903D88B16E}.AppStore|iPhoneSimulator.Deploy.0 = Release|x86
		{D4530FC8-82A9-4E6A-96A2-49903D88B16E}.AppStore|x64.ActiveCfg = Release|x64
		{D4530FC8-82A9-4E6A-96A2-49903D88B16E}.AppStore|x64.Build.0 = Release|x64
		{D4530FC8-82A9-4E6A-96A2-49903D88B16E}.AppStore|x64.Deploy.0 = Release|x64
		{D4530FC8-82A9-4E6A-96A2-49903D88B16E}.AppStore|x86.ActiveCfg = Release|x86
		{D4530FC8-82A9-4E6A-96A2-49903D88B16E}.AppStore|x86.Build.0 = Release|x86
		{D4530FC8-82A9-4E6A-96A2-49903D88B16E}.AppStore|x86.Deploy.0 = Release|x86
		{D4530FC8-82A9-4E6A-96A2-49903D88B16E}.Debug|Any CPU.ActiveCfg = Debug|x86
		{D4530FC8-82A9-4E6A-96A2-49903D88B16E}.Debug|ARM.ActiveCfg = Debug|ARM
		{D4530FC8-82A9-4E6A-96A2-49903D88B16E}.Debug|ARM.Build.0 = Debug|ARM
		{D4530FC8-82A9-4E6A-96A2-49903D88B16E}.Debug|ARM.Deploy.0 = Debug|ARM
		{D4530FC8-82A9-4E6A-96A2-49903D88B16E}.Debug|iPhone.ActiveCfg = Debug|x86
		{D4530FC8-82A9-4E6A-96A2-49903D88B16E}.Debug|iPhoneSimulator.ActiveCfg = Debug|x86
		{D4530FC8-82A9-4E6A-96A2-49903D88B16E}.Debug|x64.ActiveCfg = Debug|x64
		{D4530FC8-82A9-4E6A-96A2-49903D88B16E}.Debug|x64.Build.0 = Debug|x64
		{D4530FC8-82A9-4E6A-96A2-49903D88B16E}.Debug|x64.Deploy.0 = Debug|x64
		{D4530FC8-82A9-4E6A-96A2-49903D88B16E}.Debug|x86.ActiveCfg = Debug|x86
		{D4530FC8-82A9-4E6A-96A2-49903D88B16E}.Debug|x86.Build.0 = Debug|x86
		{D4530FC8-82A9-4E6A-96A2-49903D88B16E}.Debug|x86.Deploy.0 = Debug|x86
		{D4530FC8-82A9-4E6A-96A2-49903D88B16E}.Release|Any CPU.ActiveCfg = Release|x86
		{D4530FC8-82A9-4E6A-96A2-49903D88B16E}.Release|ARM.ActiveCfg = Release|ARM
		{D4530FC8-82A9-4E6A-96A2-49903D88B16E}.Release|ARM.Build.0 = Release|ARM
		{D4530FC8-82A9-4E6A-96A2-49903D88B16E}.Release|ARM.Deploy.0 = Release|ARM
		{D4530FC8-82A9-4E6A-96A2-49903D88B16E}.Release|iPhone.ActiveCfg = Release|x86
		{D4530FC8-82A9-4E6A-96A2-49903D88B16E}.Release|iPhoneSimulator.ActiveCfg = Release|x86
		{D4530FC8-82A9-4E6A-96A2-49903D88B16E}.Release|x64.ActiveCfg = Release|x64
		{D4530FC8-82A9-4E6A-96A2-49903D88B16E}.Release|x64.Build.0 = Release|x64
		{D4530FC8-82A9-4E6A-96A2-49903D88B16E}.Release|x64.Deploy.0 = Release|x64
		{D4530FC8-82A9-4E6A-96A2-49903D88B16E}.Release|x86.ActiveCfg = Release|x86
		{D4530FC8-82A9-4E6A-96A2-49903D88B16E}.Release|x86.Build.0 = Release|x86
		{D4530FC8-82A9-4E6A-96A2-49903D88B16E}.Release|x86.Deploy.0 = Release|x86
		{A11AEF5A-B246-4FE8-8330-06DB73CC8074}.Ad-Hoc|Any CPU.ActiveCfg = Release|Any CPU
		{A11AEF5A-B246-4FE8-8330-06DB73CC8074}.Ad-Hoc|Any CPU.Build.0 = Release|Any CPU
		{A11AEF5A-B246-4FE8-8330-06DB73CC8074}.Ad-Hoc|ARM.ActiveCfg = Release|Any CPU
		{A11AEF5A-B246-4FE8-8330-06DB73CC8074}.Ad-Hoc|ARM.Build.0 = Release|Any CPU
		{A11AEF5A-B246-4FE8-8330-06DB73CC8074}.Ad-Hoc|iPhone.ActiveCfg = Release|Any CPU
		{A11AEF5A-B246-4FE8-8330-06DB73CC8074}.Ad-Hoc|iPhone.Build.0 = Release|Any CPU
		{A11AEF5A-B246-4FE8-8330-06DB73CC8074}.Ad-Hoc|iPhoneSimulator.ActiveCfg = Release|Any CPU
		{A11AEF5A-B246-4FE8-8330-06DB73CC8074}.Ad-Hoc|iPhoneSimulator.Build.0 = Release|Any CPU
		{A11AEF5A-B246-4FE8-8330-06DB73CC8074}.Ad-Hoc|x64.ActiveCfg = Release|Any CPU
		{A11AEF5A-B246-4FE8-8330-06DB73CC8074}.Ad-Hoc|x64.Build.0 = Release|Any CPU
		{A11AEF5A-B246-4FE8-8330-06DB73CC8074}.Ad-Hoc|x86.ActiveCfg = Release|Any CPU
		{A11AEF5A-B246-4FE8-8330-06DB73CC8074}.Ad-Hoc|x86.Build.0 = Release|Any CPU
		{A11AEF5A-B246-4FE8-8330-06DB73CC8074}.AppStore|Any CPU.ActiveCfg = Release|Any CPU
		{A11AEF5A-B246-4FE8-8330-06DB73CC8074}.AppStore|Any CPU.Build.0 = Release|Any CPU
		{A11AEF5A-B246-4FE8-8330-06DB73CC8074}.AppStore|ARM.ActiveCfg = Release|Any CPU
		{A11AEF5A-B246-4FE8-8330-06DB73CC8074}.AppStore|ARM.Build.0 = Release|Any CPU
		{A11AEF5A-B246-4FE8-8330-06DB73CC8074}.AppStore|iPhone.ActiveCfg = Release|Any CPU
		{A11AEF5A-B246-4FE8-8330-06DB73CC8074}.AppStore|iPhone.Build.0 = Release|Any CPU
		{A11AEF5A-B246-4FE8-8330-06DB73CC8074}.AppStore|iPhoneSimulator.ActiveCfg = Release|Any CPU
		{A11AEF5A-B246-4FE8-8330-06DB73CC8074}.AppStore|iPhoneSimulator.Build.0 = Release|Any CPU
		{A11AEF5A-B246-4FE8-8330-06DB73CC8074}.AppStore|x64.ActiveCfg = Release|Any CPU
		{A11AEF5A-B246-4FE8-8330-06DB73CC8074}.AppStore|x64.Build.0 = Release|Any CPU
		{A11AEF5A-B246-4FE8-8330-06DB73CC8074}.AppStore|x86.ActiveCfg = Release|Any CPU
		{A11AEF5A-B246-4FE8-8330-06DB73CC8074}.AppStore|x86.Build.0 = Release|Any CPU
		{A11AEF5A-B246-4FE8-8330-06DB73CC8074}.Debug|Any CPU.ActiveCfg = Debug|Any CPU
		{A11AEF5A-B246-4FE8-8330-06DB73CC8074}.Debug|Any CPU.Build.0 = Debug|Any CPU
		{A11AEF5A-B246-4FE8-8330-06DB73CC8074}.Debug|ARM.ActiveCfg = Debug|Any CPU
		{A11AEF5A-B246-4FE8-8330-06DB73CC8074}.Debug|ARM.Build.0 = Debug|Any CPU
		{A11AEF5A-B246-4FE8-8330-06DB73CC8074}.Debug|iPhone.ActiveCfg = Debug|Any CPU
		{A11AEF5A-B246-4FE8-8330-06DB73CC8074}.Debug|iPhone.Build.0 = Debug|Any CPU
		{A11AEF5A-B246-4FE8-8330-06DB73CC8074}.Debug|iPhoneSimulator.ActiveCfg = Debug|Any CPU
		{A11AEF5A-B246-4FE8-8330-06DB73CC8074}.Debug|iPhoneSimulator.Build.0 = Debug|Any CPU
		{A11AEF5A-B246-4FE8-8330-06DB73CC8074}.Debug|x64.ActiveCfg = Debug|Any CPU
		{A11AEF5A-B246-4FE8-8330-06DB73CC8074}.Debug|x64.Build.0 = Debug|Any CPU
		{A11AEF5A-B246-4FE8-8330-06DB73CC8074}.Debug|x86.ActiveCfg = Debug|Any CPU
		{A11AEF5A-B246-4FE8-8330-06DB73CC8074}.Debug|x86.Build.0 = Debug|Any CPU
		{A11AEF5A-B246-4FE8-8330-06DB73CC8074}.Release|Any CPU.ActiveCfg = Release|Any CPU
		{A11AEF5A-B246-4FE8-8330-06DB73CC8074}.Release|Any CPU.Build.0 = Release|Any CPU
		{A11AEF5A-B246-4FE8-8330-06DB73CC8074}.Release|ARM.ActiveCfg = Release|Any CPU
		{A11AEF5A-B246-4FE8-8330-06DB73CC8074}.Release|ARM.Build.0 = Release|Any CPU
		{A11AEF5A-B246-4FE8-8330-06DB73CC8074}.Release|iPhone.ActiveCfg = Release|Any CPU
		{A11AEF5A-B246-4FE8-8330-06DB73CC8074}.Release|iPhone.Build.0 = Release|Any CPU
		{A11AEF5A-B246-4FE8-8330-06DB73CC8074}.Release|iPhoneSimulator.ActiveCfg = Release|Any CPU
		{A11AEF5A-B246-4FE8-8330-06DB73CC8074}.Release|iPhoneSimulator.Build.0 = Release|Any CPU
		{A11AEF5A-B246-4FE8-8330-06DB73CC8074}.Release|x64.ActiveCfg = Release|Any CPU
		{A11AEF5A-B246-4FE8-8330-06DB73CC8074}.Release|x64.Build.0 = Release|Any CPU
		{A11AEF5A-B246-4FE8-8330-06DB73CC8074}.Release|x86.ActiveCfg = Release|Any CPU
		{A11AEF5A-B246-4FE8-8330-06DB73CC8074}.Release|x86.Build.0 = Release|Any CPU
	EndGlobalSection
	GlobalSection(SolutionProperties) = preSolution
		HideSolutionNode = FALSE
	EndGlobalSection
EndGlobal
